{
  "name": "lecture-37_subsequence",
  "version": "1.0.0",
  "lockfileVersion": 3,
  "requires": true,
  "packages": {
    "": {
      "name": "lecture-37_subsequence",
      "version": "1.0.0",
      "license": "ISC",
      "dependencies": {
        "lecture-37_subsequence": "file:"
      }
    },
    "node_modules/lecture-37_subsequence": {
      "resolved": "",
      "link": true
    }
  }
}
